
Microsoft Visual Studio Solution File, Format Version 12.00
# Visual Studio Version 17
VisualStudioVersion = 17.0.31717.71
MinimumVisualStudioVersion = 10.0.40219.1
Project("{9A19103F-16F7-4668-BE54-9A1E7A4F7556}") = "ProgGraf", "ProgGraf\ProgGraf.csproj", "{B783CC60-092B-4CD8-8CD7-F55D5EC8A5B9}"
EndProject
Project("{FAE04EC0-301F-11D3-BF4B-00C04F79EFBC}") = "ProgGraf_Form", "ProgGraf_Form\ProgGraf_Form.csproj", "{D1C30CD7-1A28-493D-9FA1-67F59FE02779}"
EndProject
Global
	GlobalSection(SolutionConfigurationPlatforms) = preSolution
		Debug|Any CPU = Debug|Any CPU
		Release|Any CPU = Release|Any CPU
	EndGlobalSection
	GlobalSection(ProjectConfigurationPlatforms) = postSolution
		{B783CC60-092B-4CD8-8CD7-F55D5EC8A5B9}.Debug|Any CPU.ActiveCfg = Debug|Any CPU
		{B783CC60-092B-4CD8-8CD7-F55D5EC8A5B9}.Debug|Any CPU.Build.0 = Debug|Any CPU
		{B783CC60-092B-4CD8-8CD7-F55D5EC8A5B9}.Release|Any CPU.ActiveCfg = Release|Any CPU
		{B783CC60-092B-4CD8-8CD7-F55D5EC8A5B9}.Release|Any CPU.Build.0 = Release|Any CPU
		{D1C30CD7-1A28-493D-9FA1-67F59FE02779}.Debug|Any CPU.ActiveCfg = Debug|Any CPU
		{D1C30CD7-1A28-493D-9FA1-67F59FE02779}.Debug|Any CPU.Build.0 = Debug|Any CPU
		{D1C30CD7-1A28-493D-9FA1-67F59FE02779}.Release|Any CPU.ActiveCfg = Release|Any CPU
		{D1C30CD7-1A28-493D-9FA1-67F59FE02779}.Release|Any CPU.Build.0 = Release|Any CPU
	EndGlobalSection
	GlobalSection(SolutionProperties) = preSolution
		HideSolutionNode = FALSE
	EndGlobalSection
	GlobalSection(ExtensibilityGlobals) = postSolution
		SolutionGuid = {C9033FB7-5328-4701-89AB-33086FFEF5AE}
	EndGlobalSection
EndGlobal
